// !$*UTF8*$!
{
	archiveVersion = 1;
	classes = {
	};
	objectVersion = 56;
	objects = {

/* Begin PBXBuildFile section */
		A40929B829E494FD006A79C7 /* CardView.swift in Sources */ = {isa = PBXBuildFile; fileRef = A40929B729E494FD006A79C7 /* CardView.swift */; };
		A42AE63429E1D254006BFC5D /* Workout_Tracking_AppApp.swift in Sources */ = {isa = PBXBuildFile; fileRef = A42AE63329E1D254006BFC5D /* Workout_Tracking_AppApp.swift */; };
		A42AE63629E1D254006BFC5D /* ContentView.swift in Sources */ = {isa = PBXBuildFile; fileRef = A42AE63529E1D254006BFC5D /* ContentView.swift */; };
		A42AE63829E1D257006BFC5D /* Assets.xcassets in Resources */ = {isa = PBXBuildFile; fileRef = A42AE63729E1D257006BFC5D /* Assets.xcassets */; };
		A42AE63B29E1D257006BFC5D /* Preview Assets.xcassets in Resources */ = {isa = PBXBuildFile; fileRef = A42AE63A29E1D257006BFC5D /* Preview Assets.xcassets */; };
		A42AE64229E1D469006BFC5D /* WorkoutModel.swift in Sources */ = {isa = PBXBuildFile; fileRef = A42AE64129E1D469006BFC5D /* WorkoutModel.swift */; };
		A42AE64429E200D4006BFC5D /* ParentTestingModel.swift in Sources */ = {isa = PBXBuildFile; fileRef = A42AE64329E200D4006BFC5D /* ParentTestingModel.swift */; };
/* End PBXBuildFile section */

/* Begin PBXFileReference section */
		A40929B729E494FD006A79C7 /* CardView.swift */ = {isa = PBXFileReference; lastKnownFileType = sourcecode.swift; path = CardView.swift; sourceTree = "<group>"; };
		A42AE63029E1D254006BFC5D /* Workout Tracking App.app */ = {isa = PBXFileReference; explicitFileType = wrapper.application; includeInIndex = 0; path = "Workout Tracking App.app"; sourceTree = BUILT_PRODUCTS_DIR; };
		A42AE63329E1D254006BFC5D /* Workout_Tracking_AppApp.swift */ = {isa = PBXFileReference; lastKnownFileType = sourcecode.swift; path = Workout_Tracking_AppApp.swift; sourceTree = "<group>"; };
		A42AE63529E1D254006BFC5D /* ContentView.swift */ = {isa = PBXFileReference; lastKnownFileType = sourcecode.swift; path = ContentView.swift; sourceTree = "<group>"; };
		A42AE63729E1D257006BFC5D /* Assets.xcassets */ = {isa = PBXFileReference; lastKnownFileType = folder.assetcatalog; path = Assets.xcassets; sourceTree = "<group>"; };
		A42AE63A29E1D257006BFC5D /* Preview Assets.xcassets */ = {isa = PBXFileReference; lastKnownFileType = folder.assetcatalog; path = "Preview Assets.xcassets"; sourceTree = "<group>"; };
		A42AE64129E1D469006BFC5D /* WorkoutModel.swift */ = {isa = PBXFileReference; lastKnownFileType = sourcecode.swift; path = WorkoutModel.swift; sourceTree = "<group>"; };
		A42AE64329E200D4006BFC5D /* ParentTestingModel.swift */ = {isa = PBXFileReference; lastKnownFileType = sourcecode.swift; path = ParentTestingModel.swift; sourceTree = "<group>"; };
/* End PBXFileReference section */

/* Begin PBXFrameworksBuildPhase section */
		A42AE62D29E1D254006BFC5D /* Frameworks */ = {
			isa = PBXFrameworksBuildPhase;
			buildActionMask = 2147483647;
			files = (
			);
			runOnlyForDeploymentPostprocessing = 0;
		};
/* End PBXFrameworksBuildPhase section */

/* Begin PBXGroup section */
		A42AE62729E1D254006BFC5D = {
			isa = PBXGroup;
			children = (
				A42AE63229E1D254006BFC5D /* Workout Tracking App */,
				A42AE63129E1D254006BFC5D /* Products */,
			);
			sourceTree = "<group>";
		};
		A42AE63129E1D254006BFC5D /* Products */ = {
			isa = PBXGroup;
			children = (
				A42AE63029E1D254006BFC5D /* Workout Tracking App.app */,
			);
			name = Products;
			sourceTree = "<group>";
		};
		A42AE63229E1D254006BFC5D /* Workout Tracking App */ = {
			isa = PBXGroup;
			children = (
				A42AE63329E1D254006BFC5D /* Workout_Tracking_AppApp.swift */,
				A42AE63529E1D254006BFC5D /* ContentView.swift */,
				A40929B729E494FD006A79C7 /* CardView.swift */,
				A42AE64129E1D469006BFC5D /* WorkoutModel.swift */,
				A42AE64329E200D4006BFC5D /* ParentTestingModel.swift */,
				A42AE63729E1D257006BFC5D /* Assets.xcassets */,
				A42AE63929E1D257006BFC5D /* Preview Content */,
			);
			path = "Workout Tracking App";
			sourceTree = "<group>";
		};
		A42AE63929E1D257006BFC5D /* Preview Content */ = {
			isa = PBXGroup;
			children = (
				A42AE63A29E1D257006BFC5D /* Preview Assets.xcassets */,
			);
			path = "Preview Content";
			sourceTree = "<group>";
		};
/* End PBXGroup section */

/* Begin PBXNativeTarget section */
		A42AE62F29E1D254006BFC5D /* Workout Tracking App */ = {
			isa = PBXNativeTarget;
			buildConfigurationList = A42AE63E29E1D257006BFC5D /* Build configuration list for PBXNativeTarget "Workout Tracking App" */;
			buildPhases = (
				A42AE62C29E1D254006BFC5D /* Sources */,
				A42AE62D29E1D254006BFC5D /* Frameworks */,
				A42AE62E29E1D254006BFC5D /* Resources */,
			);
			buildRules = (
			);
			dependencies = (
			);
			name = "Workout Tracking App";
			productName = "Workout Tracking App";
			productReference = A42AE63029E1D254006BFC5D /* Workout Tracking App.app */;
			productType = "com.apple.product-type.application";
		};
/* End PBXNativeTarget section */

/* Begin PBXProject section */
		A42AE62829E1D254006BFC5D /* Project object */ = {
			isa = PBXProject;
			attributes = {
				BuildIndependentTargetsInParallel = 1;
				LastSwiftUpdateCheck = 1410;
				LastUpgradeCheck = 1410;
				TargetAttributes = {
					A42AE62F29E1D254006BFC5D = {
						CreatedOnToolsVersion = 14.1;
					};
				};
			};
			buildConfigurationList = A42AE62B29E1D254006BFC5D /* Build configuration list for PBXProject "Workout Tracking App" */;
			compatibilityVersion = "Xcode 14.0";
			developmentRegion = en;
			hasScannedForEncodings = 0;
			knownRegions = (
				en,
				Base,
			);
			mainGroup = A42AE62729E1D254006BFC5D;
			productRefGroup = A42AE63129E1D254006BFC5D /* Products */;
			projectDirPath = "";
			projectRoot = "";
			targets = (
				A42AE62F29E1D254006BFC5D /* Workout Tracking App */,
			);
		};
/* End PBXProject section */

/* Begin PBXResourcesBuildPhase section */
		A42AE62E29E1D254006BFC5D /* Resources */ = {
			isa = PBXResourcesBuildPhase;
			buildActionMask = 2147483647;
			files = (
				A42AE63B29E1D257006BFC5D /* Preview Assets.xcassets in Resources */,
				A42AE63829E1D257006BFC5D /* Assets.xcassets in Resources */,
			);
			runOnlyForDeploymentPostprocessing = 0;
		};
/* End PBXResourcesBuildPhase section */

/* Begin PBXSourcesBuildPhase section */
		A42AE62C29E1D254006BFC5D /* Sources */ = {
			isa = PBXSourcesBuildPhase;
			buildActionMask = 2147483647;
			files = (
				A42AE64429E200D4006BFC5D /* ParentTestingModel.swift in Sources */,
				A42AE63629E1D254006BFC5D /* ContentView.swift in Sources */,
				A42AE64229E1D469006BFC5D /* WorkoutModel.swift in Sources */,
				A42AE63429E1D254006BFC5D /* Workout_Tracking_AppApp.swift in Sources */,
				A40929B829E494FD006A79C7 /* CardView.swift in Sources */,
			);
			runOnlyForDeploymentPostprocessing = 0;
		};
/* End PBXSourcesBuildPhase section */

/* Begin XCBuildConfiguration section */
		A42AE63C29E1D257006BFC5D /* Debug */ = {
			isa = XCBuildConfiguration;
			buildSettings = {
				ALWAYS_SEARCH_USER_PATHS = NO;
				CLANG_ANALYZER_NONNULL = YES;
				CLANG_ANALYZER_NUMBER_OBJECT_CONVERSION = YES_AGGRESSIVE;
				CLANG_CXX_LANGUAGE_STANDARD = "gnu++20";
				CLANG_ENABLE_MODULES = YES;
				CLANG_ENABLE_OBJC_ARC = YES;
				CLANG_ENABLE_OBJC_WEAK = YES;
				CLANG_WARN_BLOCK_CAPTURE_AUTORELEASING = YES;
				CLANG_WARN_BOOL_CONVERSION = YES;
				CLANG_WARN_COMMA = YES;
				CLANG_WARN_CONSTANT_CONVERSION = YES;
				CLANG_WARN_DEPRECATED_OBJC_IMPLEMENTATIONS = YES;
				CLANG_WARN_DIRECT_OBJC_ISA_USAGE = YES_ERROR;
				CLANG_WARN_DOCUMENTATION_COMMENTS = YES;
				CLANG_WARN_EMPTY_BODY = YES;
				CLANG_WARN_ENUM_CONVERSION = YES;
				CLANG_WARN_INFINITE_RECURSION = YES;
				CLANG_WARN_INT_CONVERSION = YES;
				CLANG_WARN_NON_LITERAL_NULL_CONVERSION = YES;
				CLANG_WARN_OBJC_IMPLICIT_RETAIN_SELF = YES;
				CLANG_WARN_OBJC_LITERAL_CONVERSION = YES;
				CLANG_WARN_OBJC_ROOT_CLASS = YES_ERROR;
				CLANG_WARN_QUOTED_INCLUDE_IN_FRAMEWORK_HEADER = YES;
				CLANG_WARN_RANGE_LOOP_ANALYSIS = YES;
				CLANG_WARN_STRICT_PROTOTYPES = YES;
				CLANG_WARN_SUSPICIOUS_MOVE = YES;
				CLANG_WARN_UNGUARDED_AVAILABILITY = YES_AGGRESSIVE;
				CLANG_WARN_UNREACHABLE_CODE = YES;
				CLANG_WARN__DUPLICATE_METHOD_MATCH = YES;
				COPY_PHASE_STRIP = NO;
				DEBUG_INFORMATION_FORMAT = dwarf;
				ENABLE_STRICT_OBJC_MSGSEND = YES;
				ENABLE_TESTABILITY = YES;
				GCC_C_LANGUAGE_STANDARD = gnu11;
				GCC_DYNAMIC_NO_PIC = NO;
				GCC_NO_COMMON_BLOCKS = YES;
				GCC_OPTIMIZATION_LEVEL = 0;
				GCC_PREPROCESSOR_DEFINITIONS = (
					"DEBUG=1",
					"$(inherited)",
				);
				GCC_WARN_64_TO_32_BIT_CONVERSION = YES;
				GCC_WARN_ABOUT_RETURN_TYPE = YES_ERROR;
				GCC_WARN_UNDECLARED_SELECTOR = YES;
				GCC_WARN_UNINITIALIZED_AUTOS = YES_AGGRESSIVE;
				GCC_WARN_UNUSED_FUNCTION = YES;
				GCC_WARN_UNUSED_VARIABLE = YES;
				IPHONEOS_DEPLOYMENT_TARGET = 16.1;
				MTL_ENABLE_DEBUG_INFO = INCLUDE_SOURCE;
				MTL_FAST_MATH = YES;
				ONLY_ACTIVE_ARCH = YES;
				SDKROOT = iphoneos;
				SWIFT_ACTIVE_COMPILATION_CONDITIONS = DEBUG;
				SWIFT_OPTIMIZATION_LEVEL = "-Onone";
			};
			name = Debug;
		};
		A42AE63D29E1D257006BFC5D /* Release */ = {
			isa = XCBuildConfiguration;
			buildSettings = {
				ALWAYS_SEARCH_USER_PATHS = NO;
				CLANG_ANALYZER_NONNULL = YES;
				CLANG_ANALYZER_NUMBER_OBJECT_CONVERSION = YES_AGGRESSIVE;
				CLANG_CXX_LANGUAGE_STANDARD = "gnu++20";
				CLANG_ENABLE_MODULES = YES;
				CLANG_ENABLE_OBJC_ARC = YES;
				CLANG_ENABLE_OBJC_WEAK = YES;
				CLANG_WARN_BLOCK_CAPTURE_AUTORELEASING = YES;
				CLANG_WARN_BOOL_CONVERSION = YES;
				CLANG_WARN_COMMA = YES;
				CLANG_WARN_CONSTANT_CONVERSION = YES;
				CLANG_WARN_DEPRECATED_OBJC_IMPLEMENTATIONS = YES;
				CLANG_WARN_DIRECT_OBJC_ISA_USAGE = YES_ERROR;
				CLANG_WARN_DOCUMENTATION_COMMENTS = YES;
				CLANG_WARN_EMPTY_BODY = YES;
				CLANG_WARN_ENUM_CONVERSION = YES;
				CLANG_WARN_INFINITE_RECURSION = YES;
				CLANG_WARN_INT_CONVERSION = YES;
				CLANG_WARN_NON_LITERAL_NULL_CONVERSION = YES;
				CLANG_WARN_OBJC_IMPLICIT_RETAIN_SELF = YES;
				CLANG_WARN_OBJC_LITERAL_CONVERSION = YES;
				CLANG_WARN_OBJC_ROOT_CLASS = YES_ERROR;
				CLANG_WARN_QUOTED_INCLUDE_IN_FRAMEWORK_HEADER = YES;
				CLANG_WARN_RANGE_LOOP_ANALYSIS = YES;
				CLANG_WARN_STRICT_PROTOTYPES = YES;
				CLANG_WARN_SUSPICIOUS_MOVE = YES;
				CLANG_WARN_UNGUARDED_AVAILABILITY = YES_AGGRESSIVE;
				CLANG_WARN_UNREACHABLE_CODE = YES;
				CLANG_WARN__DUPLICATE_METHOD_MATCH = YES;
				COPY_PHASE_STRIP = NO;
				DEBUG_INFORMATION_FORMAT = "dwarf-with-dsym";
				ENABLE_NS_ASSERTIONS = NO;
				ENABLE_STRICT_OBJC_MSGSEND = YES;
				GCC_C_LANGUAGE_STANDARD = gnu11;
				GCC_NO_COMMON_BLOCKS = YES;
				GCC_WARN_64_TO_32_BIT_CONVERSION = YES;
				GCC_WARN_ABOUT_RETURN_TYPE = YES_ERROR;
				GCC_WARN_UNDECLARED_SELECTOR = YES;
				GCC_WARN_UNINITIALIZED_AUTOS = YES_AGGRESSIVE;
				GCC_WARN_UNUSED_FUNCTION = YES;
				GCC_WARN_UNUSED_VARIABLE = YES;
				IPHONEOS_DEPLOYMENT_TARGET = 16.1;
				MTL_ENABLE_DEBUG_INFO = NO;
				MTL_FAST_MATH = YES;
				SDKROOT = iphoneos;
				SWIFT_COMPILATION_MODE = wholemodule;
				SWIFT_OPTIMIZATION_LEVEL = "-O";
				VALIDATE_PRODUCT = YES;
			};
			name = Release;
		};
		A42AE63F29E1D257006BFC5D /* Debug */ = {
			isa = XCBuildConfiguration;
			buildSettings = {
				ASSETCATALOG_COMPILER_APPICON_NAME = AppIcon;
				ASSETCATALOG_COMPILER_GLOBAL_ACCENT_COLOR_NAME = AccentColor;
				CODE_SIGN_STYLE = Automatic;
				CURRENT_PROJECT_VERSION = 1;
				DEVELOPMENT_ASSET_PATHS = "\"Workout Tracking App/Preview Content\"";
				DEVELOPMENT_TEAM = AK2WT6GG67;
				ENABLE_PREVIEWS = YES;
				GENERATE_INFOPLIST_FILE = YES;
				INFOPLIST_KEY_UIApplicationSceneManifest_Generation = YES;
				INFOPLIST_KEY_UIApplicationSupportsIndirectInputEvents = YES;
				INFOPLIST_KEY_UILaunchScreen_Generation = YES;
				INFOPLIST_KEY_UISupportedInterfaceOrientations_iPad = "UIInterfaceOrientationPortrait UIInterfaceOrientationPortraitUpsideDown UIInterfaceOrientationLandscapeLeft UIInterfaceOrientationLandscapeRight";
				INFOPLIST_KEY_UISupportedInterfaceOrientations_iPhone = "UIInterfaceOrientationPortrait UIInterfaceOrientationLandscapeLeft UIInterfaceOrientationLandscapeRight";
				LD_RUNPATH_SEARCH_PATHS = (
					"$(inherited)",
					"@executable_path/Frameworks",
				);
				MARKETING_VERSION = 1.0;
				PRODUCT_BUNDLE_IDENTIFIER = "iggi-jimenez.Workout-Tracking-App";
				PRODUCT_NAME = "$(TARGET_NAME)";
				SWIFT_EMIT_LOC_STRINGS = YES;
				SWIFT_VERSION = 5.0;
				TARGETED_DEVICE_FAMILY = "1,2";
			};
			name = Debug;
		};
		A42AE64029E1D257006BFC5D /* Release */ = {
			isa = XCBuildConfiguration;
			buildSettings = {
				ASSETCATALOG_COMPILER_APPICON_NAME = AppIcon;
				ASSETCATALOG_COMPILER_GLOBAL_ACCENT_COLOR_NAME = AccentColor;
				CODE_SIGN_STYLE = Automatic;
				CURRENT_PROJECT_VERSION = 1;
				DEVELOPMENT_ASSET_PATHS = "\"Workout Tracking App/Preview Content\"";
				DEVELOPMENT_TEAM = AK2WT6GG67;
				ENABLE_PREVIEWS = YES;
				GENERATE_INFOPLIST_FILE = YES;
				INFOPLIST_KEY_UIApplicationSceneManifest_Generation = YES;
				INFOPLIST_KEY_UIApplicationSupportsIndirectInputEvents = YES;
				INFOPLIST_KEY_UILaunchScreen_Generation = YES;
				INFOPLIST_KEY_UISupportedInterfaceOrientations_iPad = "UIInterfaceOrientationPortrait UIInterfaceOrientationPortraitUpsideDown UIInterfaceOrientationLandscapeLeft UIInterfaceOrientationLandscapeRight";
				INFOPLIST_KEY_UISupportedInterfaceOrientations_iPhone = "UIInterfaceOrientationPortrait UIInterfaceOrientationLandscapeLeft UIInterfaceOrientationLandscapeRight";
				LD_RUNPATH_SEARCH_PATHS = (
					"$(inherited)",
					"@executable_path/Frameworks",
				);
				MARKETING_VERSION = 1.0;
				PRODUCT_BUNDLE_IDENTIFIER = "iggi-jimenez.Workout-Tracking-App";
				PRODUCT_NAME = "$(TARGET_NAME)";
				SWIFT_EMIT_LOC_STRINGS = YES;
				SWIFT_VERSION = 5.0;
				TARGETED_DEVICE_FAMILY = "1,2";
			};
			name = Release;
		};
/* End XCBuildConfiguration section */

/* Begin XCConfigurationList section */
		A42AE62B29E1D254006BFC5D /* Build configuration list for PBXProject "Workout Tracking App" */ = {
			isa = XCConfigurationList;
			buildConfigurations = (
				A42AE63C29E1D257006BFC5D /* Debug */,
				A42AE63D29E1D257006BFC5D /* Release */,
			);
			defaultConfigurationIsVisible = 0;
			defaultConfigurationName = Release;
		};
		A42AE63E29E1D257006BFC5D /* Build configuration list for PBXNativeTarget "Workout Tracking App" */ = {
			isa = XCConfigurationList;
			buildConfigurations = (
				A42AE63F29E1D257006BFC5D /* Debug */,
				A42AE64029E1D257006BFC5D /* Release */,
			);
			defaultConfigurationIsVisible = 0;
			defaultConfigurationName = Release;
		};
/* End XCConfigurationList section */
	};
	rootObject = A42AE62829E1D254006BFC5D /* Project object */;
}
